---
lockfileVersion: '9.0'

importers:

  .:
    configDependencies: {}
    packageManagerDependencies:
      '@pnpm/exe':
        specifier: 11.22.0
        version: 11.22.0
      pnpm:
        specifier: 11.22.0
        version: 11.22.0

packages:

  '@pnpm/exe@11.22.0':
    resolution: {integrity: sha512-B1SGeKm+v9pX9YkzMmrnO2FbgBd8TDwzZ3jSj6J6ThxdyGvI4TsOfMeHARW4Wb25visPpmMDfIXrU76EZdJM4g==}
    hasBin: true

  '@pnpm/linux-arm64@11.22.0':
    resolution: {integrity: sha512-xzzn3jYG9QaiFZPaHcWM3yX4Fm9UGz5E42mzpbvUEvXYf5O9fwNolenOhGLpRl2qS5u35fjZSvDZbWlOwHMcug==}
    cpu: [arm64]
    os: [linux]

  '@pnpm/linux-x64@11.22.0':
    resolution: {integrity: sha512-isvaPctGinbsM2hsTtRsMarN8Sr5QhXDTNmn8Xv9Lp1PjincCvH2RBbhpo+xYIOxzgls1dtQSdgoORUbfRVALQ==}
    cpu: [x64]
    os: [linux]

  '@pnpm/linuxstatic-arm64@11.22.0':
    resolution: {integrity: sha512-i4J+AQWW0T3JBdXaLsvxu8ZmMG1HLS6JZQESdOR9uBv8Zumb4yg8GYT83eWRLacr6ngVdhEBiC3W4eOG64MFbA==}
    cpu: [arm64]
    os: [linux]
    libc: [musl]

  '@pnpm/linuxstatic-x64@11.22.0':
    resolution: {integrity: sha512-QYzk8jhSuSbVthW/OxEOhU3f3zhjpw4HqgedrlwbVNb7btCWn5del2Hb5PsYYka2PbmKq5EtF5IzYN8Yp1CfxQ==}
    cpu: [x64]
    os: [linux]
    libc: [musl]

  '@pnpm/macos-arm64@11.22.0':
    resolution: {integrity: sha512-Io8Axk5kutPgMuAfOg1QGj3J0/KpLvH5iiPcmp7up8D4q7BNWT02ndQo3RyGWqrlkf5nwspM41GFpWTShrZ4Aw==}
    cpu: [arm64]
    os: [darwin]

  '@pnpm/win-arm64@11.22.0':
    resolution: {integrity: sha512-QgaRuKGQKov7xW2utPCgDT83fn/PU5cD6HFgib48oTslz7wv26E89d4jMCxL4GRmEL2YCfkYuj5ITj1oVWg5WQ==}
    cpu: [arm64]
    os: [win32]

  '@pnpm/win-x64@11.22.0':
    resolution: {integrity: sha512-iWYsiSwpgxqur+TwsnSoPdOQaEfd4ygB84mb5tJUOgim6PHr1xhKJBndaQzH+At/WkLxLdYN+K8dYc4M7naezg==}
    cpu: [x64]
    os: [win32]

  '@reflink/reflink-darwin-arm64@0.1.19':
    resolution: {integrity: sha512-ruy44Lpepdk1FqDz38vExBY/PVUsjxZA+chd9wozjUH9JjuDT/HEaQYA6wYN9mf041l0yLVar6BCZuWABJvHSA==}
    engines: {node: '>= 10'}
    cpu: [arm64]
    os: [darwin]

  '@reflink/reflink-darwin-x64@0.1.19':
    resolution: {integrity: sha512-By85MSWrMZa+c26TcnAy8SDk0sTUkYlNnwknSchkhHpGXOtjNDUOxJE9oByBnGbeuIE1PiQsxDG3Ud+IVV9yuA==}
    engines: {node: '>= 10'}
    cpu: [x64]
    os: [darwin]

  '@reflink/reflink-linux-arm64-gnu@0.1.19':
    resolution: {integrity: sha512-7P+er8+rP9iNeN+bfmccM4hTAaLP6PQJPKWSA4iSk2bNvo6KU6RyPgYeHxXmzNKzPVRcypZQTpFgstHam6maVg==}
    engines: {node: '>= 10'}
    cpu: [arm64]
    os: [linux]
    libc: [glibc]

  '@reflink/reflink-linux-arm64-musl@0.1.19':
    resolution: {integrity: sha512-37iO/Dp6m5DDaC2sf3zPtx/hl9FV3Xze4xoYidrxxS9bgP3S8ALroxRK6xBG/1TtfXKTvolvp+IjrUU6ujIGmA==}
    engines: {node: '>= 10'}
    cpu: [arm64]
    os: [linux]
    libc: [musl]

  '@reflink/reflink-linux-x64-gnu@0.1.19':
    resolution: {integrity: sha512-jbI8jvuYCaA3MVUdu8vLoLAFqC+iNMpiSuLbxlAgg7x3K5bsS8nOpTRnkLF7vISJ+rVR8W+7ThXlXlUQ93ulkw==}
    engines: {node: '>= 10'}
    cpu: [x64]
    os: [linux]
    libc: [glibc]

  '@reflink/reflink-linux-x64-musl@0.1.19':
    resolution: {integrity: sha512-e9FBWDe+lv7QKAwtKOt6A2W/fyy/aEEfr0g6j/hWzvQcrzHCsz07BNQYlNOjTfeytrtLU7k449H1PI95jA4OjQ==}
    engines: {node: '>= 10'}
    cpu: [x64]
    os: [linux]
    libc: [musl]

  '@reflink/reflink-win32-arm64-msvc@0.1.19':
    resolution: {integrity: sha512-09PxnVIQcd+UOn4WAW73WU6PXL7DwGS6wPlkMhMg2zlHHG65F3vHepOw06HFCq+N42qkaNAc8AKIabWvtk6cIQ==}
    engines: {node: '>= 10'}
    cpu: [arm64]
    os: [win32]

  '@reflink/reflink-win32-x64-msvc@0.1.19':
    resolution: {integrity: sha512-E//yT4ni2SyhwP8JRjVGWr3cbnhWDiPLgnQ66qqaanjjnMiu3O/2tjCPQXlcGc/DEYofpDc9fvhv6tALQsMV9w==}
    engines: {node: '>= 10'}
    cpu: [x64]
    os: [win32]

  '@reflink/reflink@0.1.19':
    resolution: {integrity: sha512-DmCG8GzysnCZ15bres3N5AHCmwBwYgp0As6xjhQ47rAUTUXxJiK+lLUxaGsX3hd/30qUpVElh05PbGuxRPgJwA==}
    engines: {node: '>= 10'}

  detect-libc@2.1.2:
    resolution: {integrity: sha512-Btj2BOOO83o3WyH59e8MgXsxEQVcarkUOpEYrubB0urwnN10yQ364rsiByU11nZlqWYZm05i/of7io4mzihBtQ==}
    engines: {node: '>=8'}

  pnpm@11.22.0:
    resolution: {integrity: sha512-H/hwxMYTPf2I+yr8Rt0T1H8JyXlLQ4xv20fKmMrzvBY4HuC+k6CRuOOCTPAfiJ9G19niCRD7C+GrD7W6qA3WIQ==}
    engines: {node: '>=22.13'}
    hasBin: true

snapshots:

  '@pnpm/exe@11.22.0':
    dependencies:
      '@reflink/reflink': 0.1.19
      detect-libc: 2.1.2
    optionalDependencies:
      '@pnpm/linux-arm64': 11.22.0
      '@pnpm/linux-x64': 11.22.0
      '@pnpm/linuxstatic-arm64': 11.22.0
      '@pnpm/linuxstatic-x64': 11.22.0
      '@pnpm/macos-arm64': 11.22.0
      '@pnpm/win-arm64': 11.22.0
      '@pnpm/win-x64': 11.22.0

  '@pnpm/linux-arm64@11.22.0':
    optional: true

  '@pnpm/linux-x64@11.22.0':
    optional: true

  '@pnpm/linuxstatic-arm64@11.22.0':
    optional: true

  '@pnpm/linuxstatic-x64@11.22.0':
    optional: true

  '@pnpm/macos-arm64@11.22.0':
    optional: true

  '@pnpm/win-arm64@11.22.0':
    optional: true

  '@pnpm/win-x64@11.22.0':
    optional: true

  '@reflink/reflink-darwin-arm64@0.1.19':
    optional: true

  '@reflink/reflink-darwin-x64@0.1.19':
    optional: true

  '@reflink/reflink-linux-arm64-gnu@0.1.19':
    optional: true

  '@reflink/reflink-linux-arm64-musl@0.1.19':
    optional: true

  '@reflink/reflink-linux-x64-gnu@0.1.19':
    optional: true

  '@reflink/reflink-linux-x64-musl@0.1.19':
    optional: true

  '@reflink/reflink-win32-arm64-msvc@0.1.19':
    optional: true

  '@reflink/reflink-win32-x64-msvc@0.1.19':
    optional: true

  '@reflink/reflink@0.1.19':
    optionalDependencies:
      '@reflink/reflink-darwin-arm64': 0.1.19
      '@reflink/reflink-darwin-x64': 0.1.19
      '@reflink/reflink-linux-arm64-gnu': 0.1.19
      '@reflink/reflink-linux-arm64-musl': 0.1.19
      '@reflink/reflink-linux-x64-gnu': 0.1.19
      '@reflink/reflink-linux-x64-musl': 0.1.19
      '@reflink/reflink-win32-arm64-msvc': 0.1.19
      '@reflink/reflink-win32-x64-msvc': 0.1.19

  detect-libc@2.1.2: {}

  pnpm@11.22.0: {}

---
lockfileVersion: '9.0'

settings:
  autoInstallPeers: true
  excludeLinksFromLockfile: false

importers:

  .:
    dependencies:
      psql:
        specifier: ^0.0.1
        version: 0.0.1
    devDependencies:
      husky:
        specifier: ^9.1.7
        version: 9.1.7
      lint-staged:
        specifier: ^17.3.0
        version: 17.3.0

packages:

  MD5@1.3.0:
    resolution: {integrity: sha512-kDyDOgf7CECKouVCQ8tcbASPTyLMxrHxlvKBTBaXbF4eff5VYdfy4GCkCIIbAice4JGxBK+ExRD/4LdxDNXvLg==}
    deprecated: deprecated, use lowercase 'md5@2.x' from now on

  argparse@0.1.16:
    resolution: {integrity: sha512-LjmC2dNpdn2L4UzyoaIr11ELYoLn37ZFy9zObrQFHsSuOepeUEMKnM8w5KL4Tnrp2gy88rRuQt6Ky8Bjml+Baw==}

  async@0.2.10:
    resolution: {integrity: sha512-eAkdoKxU6/LkKDBzLpT+t6Ff5EtfSF4wx1WfJiPEEV7WNLnDaRXk0oVysiEPm262roaachGexwUv94WhSgN5TQ==}

  aws-sign@0.2.1:
    resolution: {integrity: sha512-cQFl6jK/Lq416OqpT+lb1RIay1wShuQjHF3/kAJbyMvruV8vSpDahaGNkbeupdGRgXR8Ii0O/ZIbTQPdp+l3pA==}
    deprecated: Incorrectly published ES6 version into the 0.x branch

  bignumber.js@9.0.0:
    resolution: {integrity: sha512-t/OYhhJ2SD+YGBQcjY8GzzDHEk9f3nerxjtfa6tlMXfe7frs/WozhvCNoGvpM0P3bNf3Gq5ZRMlGr5f3r4/N8A==}

  boom@0.3.8:
    resolution: {integrity: sha512-wTAE8aPTB971DLEE1Xfaw/5uSDqm7wGEJqUIza150BTelZieRvvzkLZO7fK3BeaiYClpJ5OYunQHqp5Jp7xrSQ==}
    engines: {node: 0.8.x}
    deprecated: This version has been deprecated in accordance with the hapi support policy (hapi.im/support). Please upgrade to the latest version to get the best features, bug fixes, and security patches. If you are unable to upgrade at this time, paid support is available for older versions (hapi.im/commercial).

  charenc@0.0.2:
    resolution: {integrity: sha512-yrLQ/yVUFXkzg7EDQsPieE/53+0RlaWTs+wBrvW36cyilJ2SaDWfl4Yj7MtLTXleV9uEKefbAGUPv2/iWSooRA==}

  cli-table@0.3.11:
    resolution: {integrity: sha512-IqLQi4lO0nIB4tcdTpN4LCB9FI3uqrJZK7RC515EnhZ6qBaglkIgICb1wjeAqpdoOabm1+SuQtkXIPdYC93jhQ==}
    engines: {node: '>= 0.2.0'}

  colors@0.6.2:
    resolution: {integrity: sha512-OsSVtHK8Ir8r3+Fxw/b4jS1ZLPXkV6ZxDRJQzeD7qo0SqMXWrHDM71DgYzPMHY8SFJ0Ao+nNU2p1MmwdzKqPrw==}
    engines: {node: '>=0.1.90'}

  colors@1.0.3:
    resolution: {integrity: sha512-pFGrxThWcWQ2MsAz6RtgeWe4NK2kUE1WfsrvvlctdII745EW9I0yflqhe7++M5LEc7bV2c/9/5zc8sFcpL0Drw==}
    engines: {node: '>=0.1.90'}

  combined-stream@0.0.7:
    resolution: {integrity: sha512-qfexlmLp9MyrkajQVyjEDb0Vj+KhRgR/rxLiVhaihlT+ZkX0lReqtH6Ack40CvMDERR4b5eFp3CreskpBs1Pig==}
    engines: {node: '>= 0.8'}

  cookie-jar@0.2.0:
    resolution: {integrity: sha512-yImk9AY90xjoUsN2fWHoIhVgveXqiZv7LDqUTZEzVBHyzfay8AjcJITUZpz2fTYLh6rnP+7GogiuRCo/5j2epg==}

  core-util-is@1.0.3:
    resolution: {integrity: sha512-ZQBvi1DcpJ4GDqanjucZ2Hj3wEO5pZDS89BWbkcrvdxksJorwUDDZamX9ldFkp9aw2lmBDLgkObEA4DWNJ9FYQ==}

  crypt@0.0.2:
    resolution: {integrity: sha512-mCxBlsHFYh9C+HVpiEacem8FEBnMXgU9gy4zmNC+SXAZNB/1idgp/aulFJ4FgCi7GPEVbfyng092GqL2k2rmow==}

  cryptiles@0.1.3:
    resolution: {integrity: sha512-YI0PphzKlfxoNvaUPpkf8x+TUssMJimL1pPIEgj+8WSx0PQtfesYms/dua8Rn+KZWqoCL4AxcxHZJS9nd/oLPw==}
    engines: {node: 0.8.x}
    deprecated: This version has been deprecated in accordance with the hapi support policy (hapi.im/support). Please upgrade to the latest version to get the best features, bug fixes, and security patches. If you are unable to upgrade at this time, paid support is available for older versions (hapi.im/commercial).

  cycle@1.0.3:
    resolution: {integrity: sha512-TVF6svNzeQCOpjCqsy0/CSy8VgObG3wXusJ73xW2GbG5rGx7lC8zxDSURicsXI2UsGdi2L0QNRCi745/wUDvsA==}
    engines: {node: '>=0.4.0'}

  delayed-stream@0.0.5:
    resolution: {integrity: sha512-v+7uBd1pqe5YtgPacIIbZ8HuHeLFVNe4mUEyFDXL6KiqzEykjbw+5mXZXpGFgNVasdL4jWKgaKIXrEHiynN1LA==}
    engines: {node: '>=0.4.0'}

  esprima@1.0.4:
    resolution: {integrity: sha512-rp5dMKN8zEs9dfi9g0X1ClLmV//WRyk/R15mppFNICIFRG5P92VP7Z04p8pk++gABo9W2tY+kHyu6P1mEHgmTA==}
    engines: {node: '>=0.4.0'}
    hasBin: true

  eyes@0.1.8:
    resolution: {integrity: sha512-GipyPsXO1anza0AOZdy69Im7hGFCNB7Y/NGjDlZGJ3GJJLtwNSb2vrzYrTYJRrRloVx7pl+bhUaTB8yiccPvFQ==}
    engines: {node: '> 0.1.90'}

  forever-agent@0.2.0:
    resolution: {integrity: sha512-IasWSRIlfPnBZY1K9jEUK3PwsScR4mrcK+aNBJzGoPnW+S9b6f8I8ScyH4cehEOFNqnjGpP2gCaA22gqSV1xQA==}

  form-data@0.0.10:
    resolution: {integrity: sha512-Z9/PpT/agxXi80nMpOH6GFD7XOr6mwk5aWMxDt/KMY+Nm7e4FnRMjddM4/mLPJhpmp6alY1F/1JQpRE6z07xng==}
    engines: {node: '>= 0.6'}

  hawk@0.10.2:
    resolution: {integrity: sha512-BjpmnZ95odv7KOIsydfNTAxfGOGaVc6xbYL4fozWl45PWjDqskix0LHAekmGkpnrCAI6+AZRvJIXNTAllj+e6w==}
    engines: {node: 0.8.x}
    deprecated: This module moved to @hapi/hawk. Please make sure to switch over as this distribution is no longer supported and may contain bugs and critical security issues.

  hoek@0.7.6:
    resolution: {integrity: sha512-z75muWk69yyjWn6nNzJP0pnfgcewtSTs7uBolGUA7kWNdCYZukzHn3sYqUirhXul7qp9WBUwNT/7ieJZNveJqg==}
    engines: {node: 0.8.x}
    deprecated: This version has been deprecated in accordance with the hapi support policy (hapi.im/support). Please upgrade to the latest version to get the best features, bug fixes, and security patches. If you are unable to upgrade at this time, paid support is available for older versions (hapi.im/commercial).

  husky@9.1.7:
    resolution: {integrity: sha512-5gs5ytaNjBrh5Ow3zrvdUUY+0VxIuWVL4i9irt6friV+BqdCfmV11CQTWMiBYWHbXhco+J1kHfTOUkePhCDvMA==}
    engines: {node: '>=18'}
    hasBin: true

  inherits@2.0.4:
    resolution: {integrity: sha512-k/vGaX4/Yla3WzyMCvTQOXYeIHvqOKtnqBduzTHpzpQZzAskKMhZ2K+EnBiSM9zGSoIFeMpXKxa4dYeZIQqewQ==}

  isarray@1.0.0:
    resolution: {integrity: sha512-VLghIWNM6ELQzo7zwmcg0NmTVyWKYjvIeM83yjp0wRDTmUnrM678fQbcKBo6n2CJEF0szoG//ytg+TKla89ALQ==}

  js-yaml@2.1.3:
    resolution: {integrity: sha512-2ElQ5tUBsI5GIjddfYGdudelD5+9JM9FfJXlrn+Mj3k72t4XrqBr3vf3+1sky0WKC3dSVhF0ZqIUpX9QFBmmfQ==}
    engines: {node: '>= 0.6.0'}
    hasBin: true

  json-stringify-safe@3.0.0:
    resolution: {integrity: sha512-VSSuxEAawKLYlCabQOR7YDijQ69zPqQBOriUuCgNhlAqtU7RPr41gPpaSs6WkEu+ZOtUequpXWbI51CS+Z/gMQ==}

  lint-staged@17.3.0:
    resolution: {integrity: sha512-woZS3vNe3UKqBaLPvbLOtKRY4tLANpWQhom12MGWqC8Mh1lCOO+WgSwmX2amjJAqTY9BkXYW87fCUH5H9Ph6xw==}
    engines: {node: '>=22.22.1'}
    hasBin: true

  log@1.4.0:
    resolution: {integrity: sha512-NnLhcxIAbhdhuMU0jDG83YjAH8JQj8tXUTy54Ib+4owuXwerrYFI8+OsnK1Ez/cig8O859QK6u6g0aYph/X/zQ==}
    engines: {node: '>= 0.2.0'}

  mime@1.2.11:
    resolution: {integrity: sha512-Ysa2F/nqTNGHhhm9MV8ure4+Hc+Y8AWiqUdHxsO7xu8zc92ND9f3kpALHjaP026Ft17UfxrMt95c50PLUeynBw==}

  mysql@2.18.1:
    resolution: {integrity: sha512-Bca+gk2YWmqp2Uf6k5NFEurwY/0td0cpebAucFpY/3jhrwrVGuxU2uQFCHjU19SJfje0yQvi+rVWdq78hR5lig==}
    engines: {node: '>= 0.6'}

  node-uuid@1.4.8:
    resolution: {integrity: sha512-TkCET/3rr9mUuRp+CpO7qfgT++aAxfDRaalQhwPFzI9BY/2rCDn6OfpZOVggi1AXfTPpfkTrg5f5WQx5G1uLxA==}
    deprecated: Use uuid module instead
    hasBin: true

  oauth-sign@0.2.0:
    resolution: {integrity: sha512-4DtiD64CwPJ5vZ636j/KtM7DxWbX1KlkqwbqbEAxI3BCpBrQdrKOv8vC/36U6gfm1CVapy6QmcVxPnXPPQApTA==}

  picomatch@4.0.5:
    resolution: {integrity: sha512-RvwwcruNjI1ncT5xRakeyS9Lf8lcItv34KD+aif+VH9kduAyfYBipGh12274xtenIPZ119/R9BdTBa8gAwSh0A==}
    engines: {node: '>=12'}

  pkginfo@0.3.1:
    resolution: {integrity: sha512-yO5feByMzAp96LtP58wvPKSbaKAi/1C4kV9XpTctr6EepnP6F33RBNOiVrdz9BrPA98U2BMFsTNHo44TWcbQ2A==}
    engines: {node: '>= 0.4.0'}

  process-nextick-args@2.0.1:
    resolution: {integrity: sha512-3ouUOpQhtgrbOa17J7+uxOTpITYWaGP7/AhoR3+A+/1e9skrzelGi/dXzEYyvbxubEF6Wn2ypscTKiKJFFn1ag==}

  psql@0.0.1:
    resolution: {integrity: sha512-PmH2wP4vbKkIRTCJLQT6e18IONCYrwBKbfAm4cCn/r/0PIFG1S+iuHEba2Qm7y7bOeROLLyOuTGmInvQZhJzDw==}
    hasBin: true

  q@1.5.1:
    resolution: {integrity: sha512-kV/CThkXo6xyFEZUugw/+pIOywXcDbFYgSct5cT3gqlbkBE1SJdwy6UQoZvodiWF/ckQLZyDE/Bu1M6gVu5lVw==}
    engines: {node: '>=0.6.0', teleport: '>=0.2.0'}
    deprecated: |-
      You or someone you depend on is using Q, the JavaScript Promise library that gave JavaScript developers strong feelings about promises. They can almost certainly migrate to the native JavaScript promise now. Thank you literally everyone for joining me in this bet against the odds. Be excellent to each other.

      (For a CapTP with native promises, see @endo/eventual-send and @endo/captp)

  qs@0.5.6:
    resolution: {integrity: sha512-KbOrQrP5Ye+0gmq+hwxoJwAFRwExACWqwxj1IDFFgqOw9Poxy3wwSbafd9ZqP6T6ykMfnxM573kt/a4i9ybatQ==}

  readable-stream@2.3.7:
    resolution: {integrity: sha512-Ebho8K4jIbHAxnuxi7o42OrZgF/ZTNcsZj6nRKyUmkhLFq8CHItp/fy6hQZuZmP/n3yZ9VBUbp4zz/mX8hmYPw==}

  request@2.16.6:
    resolution: {integrity: sha512-TfD4kMo40kwuOpO7GYfAZpb2wYdw7yvTIglPNgPPSmp2Fz6MKNvPLla40FQ/ypdhy6B2jRNz3VlCjPD6mnzsmA==}
    engines: {'0': node >= 0.8.0}
    deprecated: request has been deprecated, see https://github.com/request/request/issues/3142

  safe-buffer@5.1.2:
    resolution: {integrity: sha512-Gd2UZBJDkXlY7GbJxfsE8/nvKkUEU1G38c1siN6QP6a9PT9MmHB8GnpscSmMJSoF8LOIrt8ud/wPtojys4G6+g==}

  sntp@0.1.4:
    resolution: {integrity: sha512-v90tkW8VIdXwY35BJAWIpZWd/h+WC7TufizgUO2jtOY21isIo8IP85f1zJ8mKF8o77Vxo5k+GJmUZ4H6phVt1g==}
    engines: {node: 0.8.x}
    deprecated: This module moved to @hapi/sntp. Please make sure to switch over as this distribution is no longer supported and may contain bugs and critical security issues.

  sqlstring@2.3.1:
    resolution: {integrity: sha512-ooAzh/7dxIG5+uDik1z/Rd1vli0+38izZhGzSa34FwR7IbelPWCCKSNIl8jlL/F7ERvy8CB2jNeM1E9i9mXMAQ==}
    engines: {node: '>= 0.6'}

  stack-trace@0.0.10:
    resolution: {integrity: sha512-KGzahc7puUKkzyMt+IqAep+TVNbKP+k2Lmwhub39m1AsTSkaDutx56aDCo+HLDzf/D26BIHTJWNiTG1KAJiQCg==}

  string-argv@0.3.2:
    resolution: {integrity: sha512-aqD2Q0144Z+/RqG52NeHEkZauTAUWJO8c6yTftGJKO3Tja5tUgIfmIl6kExvhtxSDP7fXB6DvzkfMpCd/F3G+Q==}
    engines: {node: '>=0.6.19'}

  string_decoder@1.1.1:
    resolution: {integrity: sha512-n/ShnvDi6FHbbVfviro+WojiFzv+s8MPMHBczVePfUpDJLwoLT0ht1l4YwBCbi8pJAveEEdnkHyPyTP/mzRfwg==}

  tinyexec@1.3.0:
    resolution: {integrity: sha512-QKAl9m8gWWGHV8jZcPeym6j+XULi6tOf1mT83WYJ4Lk2ytW/uwAWkrP0uFsdoYMdueVJ0qs26wZ+23xeB4ibNQ==}
    engines: {node: '>=18'}

  tunnel-agent@0.2.0:
    resolution: {integrity: sha512-PXy4q1PH88BK0pcGOEMXFAslyBuRWz1wxLfPXTlYFd41eyUgjOALaVGbWJN1ymjbnBzjWunVSKmrrMMh8oLaZA==}

  underscore.string@2.4.0:
    resolution: {integrity: sha512-yxkabuCaIBnzfIvX3kBxQqCs0ar/bfJwDnFEHJUm/ZrRVhT3IItdRF5cZjARLzEnyQYtIUhsZ2LG2j3HidFOFQ==}

  underscore@1.13.8:
    resolution: {integrity: sha512-DXtD3ZtEQzc7M8m4cXotyHR+FAS18C64asBYY5vqZexfYryNNnDc02W4hKg3rdQuqOYas1jkseX0+nZXjTXnvQ==}

  underscore@1.7.0:
    resolution: {integrity: sha512-cp0oQQyZhUM1kpJDLdGO1jPZHgS/MpzoWYfe9+CM2h/QGDZlqwT2T3YGukuBdaNJ/CAPoeyAZRRHz8JFo176vA==}

  util-deprecate@1.0.2:
    resolution: {integrity: sha512-EPD5q1uXyFxJpCrLnCc1nHnq3gOa6DZBocAIiI2TaSCA7VCJ1UJDMagCzIkXNsUYfD1daK//LTEQ8xiIbrHtcw==}

  winston@0.7.3:
    resolution: {integrity: sha512-iVTT8tf9YnTyfZX+aEUj2fl6WBRet7za6vdjMeyF8SA80Vii2rreM5XH+5qmpBV9uJGj8jz8BozvTDcroVq/eA==}
    engines: {node: '>= 0.6.0'}

  wordwrap@0.0.2:
    resolution: {integrity: sha512-xSBsCeh+g+dinoBv3GAOWM4LcVVO68wLXRanibtBSdUvkGWQRGeE9P7IwU9EmDDi4jA6L44lz15CGMwdw9N5+Q==}
    engines: {node: '>=0.4.0'}

  yaml-config@0.3.0:
    resolution: {integrity: sha512-YfFYC7ijNRSO5Ii0vMw7sUzqqrnkv010Iz5s7qnwErVTy3dKQraVbZFOQGBrT0jbxVlauIqfrHSJDZ+gzd0aaw==}
    engines: {node: '>=0.4.x'}

  yaml@2.9.0:
    resolution: {integrity: sha512-2AvhNX3mb8zd6Zy7INTtSpl1F15HW6Wnqj0srWlkKLcpYl/gMIMJiyuGq2KeI2YFxUPjdlB+3Lc10seMLtL4cA==}
    engines: {node: '>= 14.6'}
    hasBin: true

  yargs@1.3.3:
    resolution: {integrity: sha512-7OGt4xXoWJQh5ulgZ78rKaqY7dNWbjfK+UKxGcIlaM2j7C4fqGchyv8CPvEWdRPrHp6Ula/YU8yGRpYGOHrI+g==}

snapshots:

  MD5@1.3.0:
    dependencies:
      charenc: 0.0.2
      crypt: 0.0.2

  argparse@0.1.16:
    dependencies:
      underscore: 1.7.0
      underscore.string: 2.4.0

  async@0.2.10: {}

  aws-sign@0.2.1: {}

  bignumber.js@9.0.0: {}

  boom@0.3.8:
    dependencies:
      hoek: 0.7.6

  charenc@0.0.2: {}

  cli-table@0.3.11:
    dependencies:
      colors: 1.0.3

  colors@0.6.2: {}

  colors@1.0.3: {}

  combined-stream@0.0.7:
    dependencies:
      delayed-stream: 0.0.5

  cookie-jar@0.2.0: {}

  core-util-is@1.0.3: {}

  crypt@0.0.2: {}

  cryptiles@0.1.3:
    dependencies:
      boom: 0.3.8

  cycle@1.0.3: {}

  delayed-stream@0.0.5: {}

  esprima@1.0.4: {}

  eyes@0.1.8: {}

  forever-agent@0.2.0: {}

  form-data@0.0.10:
    dependencies:
      async: 0.2.10
      combined-stream: 0.0.7
      mime: 1.2.11

  hawk@0.10.2:
    dependencies:
      boom: 0.3.8
      cryptiles: 0.1.3
      hoek: 0.7.6
      sntp: 0.1.4

  hoek@0.7.6: {}

  husky@9.1.7: {}

  inherits@2.0.4: {}

  isarray@1.0.0: {}

  js-yaml@2.1.3:
    dependencies:
      argparse: 0.1.16
      esprima: 1.0.4

  json-stringify-safe@3.0.0: {}

  lint-staged@17.3.0:
    dependencies:
      picomatch: 4.0.5
      string-argv: 0.3.2
      tinyexec: 1.3.0
    optionalDependencies:
      yaml: 2.9.0

  log@1.4.0: {}

  mime@1.2.11: {}

  mysql@2.18.1:
    dependencies:
      bignumber.js: 9.0.0
      readable-stream: 2.3.7
      safe-buffer: 5.1.2
      sqlstring: 2.3.1

  node-uuid@1.4.8: {}

  oauth-sign@0.2.0: {}

  picomatch@4.0.5: {}

  pkginfo@0.3.1: {}

  process-nextick-args@2.0.1: {}

  psql@0.0.1:
    dependencies:
      MD5: 1.3.0
      cli-table: 0.3.11
      colors: 0.6.2
      mysql: 2.18.1
      q: 1.5.1
      underscore: 1.13.8
      winston: 0.7.3
      wordwrap: 0.0.2
      yaml-config: 0.3.0
      yargs: 1.3.3

  q@1.5.1: {}

  qs@0.5.6: {}

  readable-stream@2.3.7:
    dependencies:
      core-util-is: 1.0.3
      inherits: 2.0.4
      isarray: 1.0.0
      process-nextick-args: 2.0.1
      safe-buffer: 5.1.2
      string_decoder: 1.1.1
      util-deprecate: 1.0.2

  request@2.16.6:
    dependencies:
      aws-sign: 0.2.1
      cookie-jar: 0.2.0
      forever-agent: 0.2.0
      form-data: 0.0.10
      hawk: 0.10.2
      json-stringify-safe: 3.0.0
      mime: 1.2.11
      node-uuid: 1.4.8
      oauth-sign: 0.2.0
      qs: 0.5.6
      tunnel-agent: 0.2.0

  safe-buffer@5.1.2: {}

  sntp@0.1.4:
    dependencies:
      hoek: 0.7.6

  sqlstring@2.3.1: {}

  stack-trace@0.0.10: {}

  string-argv@0.3.2: {}

  string_decoder@1.1.1:
    dependencies:
      safe-buffer: 5.1.2

  tinyexec@1.3.0: {}

  tunnel-agent@0.2.0: {}

  underscore.string@2.4.0: {}

  underscore@1.13.8: {}

  underscore@1.7.0: {}

  util-deprecate@1.0.2: {}

  winston@0.7.3:
    dependencies:
      async: 0.2.10
      colors: 0.6.2
      cycle: 1.0.3
      eyes: 0.1.8
      pkginfo: 0.3.1
      request: 2.16.6
      stack-trace: 0.0.10

  wordwrap@0.0.2: {}

  yaml-config@0.3.0:
    dependencies:
      js-yaml: 2.1.3
      log: 1.4.0

  yaml@2.9.0:
    optional: true

  yargs@1.3.3: {}
